
Microsoft Visual Studio Solution File, Format Version 12.00
# Visual Studio Version 17
VisualStudioVersion = 17.13.35828.75
MinimumVisualStudioVersion = 10.0.40219.1
Project("{FAE04EC0-301F-11D3-BF4B-00C04F79EFBC}") = "Final Project", "Final Project.csproj", "{4FF7491E-44B0-4BBC-8A53-22002AFA6D54}"
EndProject
Project("{2150E333-8FDC-42A3-9474-1A3956D46DE8}") = "Solution Items", "Solution Items", "{8EC462FD-D22E-90A8-E5CE-7E832BA40C5D}"
EndProject
Global
	GlobalSection(SolutionConfigurationPlatforms) = preSolution
		Debug|Any CPU = Debug|Any CPU
		Release|Any CPU = Release|Any CPU
	EndGlobalSection
	GlobalSection(ProjectConfigurationPlatforms) = postSolution
		{4FF7491E-44B0-4BBC-8A53-22002AFA6D54}.Debug|Any CPU.ActiveCfg = Debug|Any CPU
		{4FF7491E-44B0-4BBC-8A53-22002AFA6D54}.Debug|Any CPU.Build.0 = Debug|Any CPU
		{4FF7491E-44B0-4BBC-8A53-22002AFA6D54}.Release|Any CPU.ActiveCfg = Release|Any CPU
		{4FF7491E-44B0-4BBC-8A53-22002AFA6D54}.Release|Any CPU.Build.0 = Release|Any CPU
	EndGlobalSection
	GlobalSection(SolutionProperties) = preSolution
		HideSolutionNode = FALSE
	EndGlobalSection
	GlobalSection(ExtensibilityGlobals) = postSolution
		SolutionGuid = {61E4B85B-5B89-45C9-9C73-DD94018510A3}
	EndGlobalSection
EndGlobal
